
Microsoft Visual Studio Solution File, Format Version 12.00
# Visual Studio Version 17
VisualStudioVersion = 17.6.33801.468
MinimumVisualStudioVersion = 10.0.40219.1
Project("{FAE04EC0-301F-11D3-BF4B-00C04F79EFBC}") = "DrawLots", "DrawLots\DrawLots.csproj", "{DA2FA5C7-1D41-4A9C-9A9B-D5AB76AE3F36}"
EndProject
Global
	GlobalSection(SolutionConfigurationPlatforms) = preSolution
		Debug|Any CPU = Debug|Any CPU
		Release|Any CPU = Release|Any CPU
	EndGlobalSection
	GlobalSection(ProjectConfigurationPlatforms) = postSolution
		{DA2FA5C7-1D41-4A9C-9A9B-D5AB76AE3F36}.Debug|Any CPU.ActiveCfg = Debug|Any CPU
		{DA2FA5C7-1D41-4A9C-9A9B-D5AB76AE3F36}.Debug|Any CPU.Build.0 = Debug|Any CPU
		{DA2FA5C7-1D41-4A9C-9A9B-D5AB76AE3F36}.Release|Any CPU.ActiveCfg = Release|Any CPU
		{DA2FA5C7-1D41-4A9C-9A9B-D5AB76AE3F36}.Release|Any CPU.Build.0 = Release|Any CPU
	EndGlobalSection
	GlobalSection(SolutionProperties) = preSolution
		HideSolutionNode = FALSE
	EndGlobalSection
	GlobalSection(ExtensibilityGlobals) = postSolution
		SolutionGuid = {40BE5545-4C66-4B0E-805B-1EE7CC670BEA}
	EndGlobalSection
EndGlobal
